
Microsoft Visual Studio Solution File, Format Version 12.00
# Visual Studio Version 16
VisualStudioVersion = 16.0.29215.179
MinimumVisualStudioVersion = 15.0.26124.0
Project("{FAE04EC0-301F-11D3-BF4B-00C04F79EFBC}") = "Core", "Core\ImageFunctions.Core.csproj", "{CCF2B3E5-FAB2-416F-8407-56426CD649C4}"
EndProject
Project("{FAE04EC0-301F-11D3-BF4B-00C04F79EFBC}") = "test", "test\test.csproj", "{79542974-49D9-49F6-BAA5-06D3F848F55B}"
EndProject
Project("{FAE04EC0-301F-11D3-BF4B-00C04F79EFBC}") = "Plugin", "Plugin\ImageFunctions.Plugin.csproj", "{E4F4FB4E-557A-4AC5-8A46-A003EB6FE286}"
EndProject
Global
	GlobalSection(SolutionConfigurationPlatforms) = preSolution
		Debug|Any CPU = Debug|Any CPU
		Debug|x64 = Debug|x64
		Debug|x86 = Debug|x86
		Release|Any CPU = Release|Any CPU
		Release|x64 = Release|x64
		Release|x86 = Release|x86
	EndGlobalSection
	GlobalSection(ProjectConfigurationPlatforms) = postSolution
		{CCF2B3E5-FAB2-416F-8407-56426CD649C4}.Debug|Any CPU.ActiveCfg = Debug|Any CPU
		{CCF2B3E5-FAB2-416F-8407-56426CD649C4}.Debug|Any CPU.Build.0 = Debug|Any CPU
		{CCF2B3E5-FAB2-416F-8407-56426CD649C4}.Debug|x64.ActiveCfg = Debug|Any CPU
		{CCF2B3E5-FAB2-416F-8407-56426CD649C4}.Debug|x64.Build.0 = Debug|Any CPU
		{CCF2B3E5-FAB2-416F-8407-56426CD649C4}.Debug|x86.ActiveCfg = Debug|Any CPU
		{CCF2B3E5-FAB2-416F-8407-56426CD649C4}.Debug|x86.Build.0 = Debug|Any CPU
		{CCF2B3E5-FAB2-416F-8407-56426CD649C4}.Release|Any CPU.ActiveCfg = Release|Any CPU
		{CCF2B3E5-FAB2-416F-8407-56426CD649C4}.Release|Any CPU.Build.0 = Release|Any CPU
		{CCF2B3E5-FAB2-416F-8407-56426CD649C4}.Release|x64.ActiveCfg = Release|Any CPU
		{CCF2B3E5-FAB2-416F-8407-56426CD649C4}.Release|x64.Build.0 = Release|Any CPU
		{CCF2B3E5-FAB2-416F-8407-56426CD649C4}.Release|x86.ActiveCfg = Release|Any CPU
		{CCF2B3E5-FAB2-416F-8407-56426CD649C4}.Release|x86.Build.0 = Release|Any CPU
		{79542974-49D9-49F6-BAA5-06D3F848F55B}.Debug|Any CPU.ActiveCfg = Debug|Any CPU
		{79542974-49D9-49F6-BAA5-06D3F848F55B}.Debug|Any CPU.Build.0 = Debug|Any CPU
		{79542974-49D9-49F6-BAA5-06D3F848F55B}.Debug|x64.ActiveCfg = Debug|Any CPU
		{79542974-49D9-49F6-BAA5-06D3F848F55B}.Debug|x64.Build.0 = Debug|Any CPU
		{79542974-49D9-49F6-BAA5-06D3F848F55B}.Debug|x86.ActiveCfg = Debug|Any CPU
		{79542974-49D9-49F6-BAA5-06D3F848F55B}.Debug|x86.Build.0 = Debug|Any CPU
		{79542974-49D9-49F6-BAA5-06D3F848F55B}.Release|Any CPU.ActiveCfg = Release|Any CPU
		{79542974-49D9-49F6-BAA5-06D3F848F55B}.Release|Any CPU.Build.0 = Release|Any CPU
		{79542974-49D9-49F6-BAA5-06D3F848F55B}.Release|x64.ActiveCfg = Release|Any CPU
		{79542974-49D9-49F6-BAA5-06D3F848F55B}.Release|x64.Build.0 = Release|Any CPU
		{79542974-49D9-49F6-BAA5-06D3F848F55B}.Release|x86.ActiveCfg = Release|Any CPU
		{79542974-49D9-49F6-BAA5-06D3F848F55B}.Release|x86.Build.0 = Release|Any CPU
		{E4F4FB4E-557A-4AC5-8A46-A003EB6FE286}.Debug|Any CPU.ActiveCfg = Debug|Any CPU
		{E4F4FB4E-557A-4AC5-8A46-A003EB6FE286}.Debug|Any CPU.Build.0 = Debug|Any CPU
		{E4F4FB4E-557A-4AC5-8A46-A003EB6FE286}.Debug|x64.ActiveCfg = Debug|Any CPU
		{E4F4FB4E-557A-4AC5-8A46-A003EB6FE286}.Debug|x64.Build.0 = Debug|Any CPU
		{E4F4FB4E-557A-4AC5-8A46-A003EB6FE286}.Debug|x86.ActiveCfg = Debug|Any CPU
		{E4F4FB4E-557A-4AC5-8A46-A003EB6FE286}.Debug|x86.Build.0 = Debug|Any CPU
		{E4F4FB4E-557A-4AC5-8A46-A003EB6FE286}.Release|Any CPU.ActiveCfg = Release|Any CPU
		{E4F4FB4E-557A-4AC5-8A46-A003EB6FE286}.Release|Any CPU.Build.0 = Release|Any CPU
		{E4F4FB4E-557A-4AC5-8A46-A003EB6FE286}.Release|x64.ActiveCfg = Release|Any CPU
		{E4F4FB4E-557A-4AC5-8A46-A003EB6FE286}.Release|x64.Build.0 = Release|Any CPU
		{E4F4FB4E-557A-4AC5-8A46-A003EB6FE286}.Release|x86.ActiveCfg = Release|Any CPU
		{E4F4FB4E-557A-4AC5-8A46-A003EB6FE286}.Release|x86.Build.0 = Release|Any CPU
	EndGlobalSection
	GlobalSection(SolutionProperties) = preSolution
		HideSolutionNode = FALSE
	EndGlobalSection
	GlobalSection(ExtensibilityGlobals) = postSolution
		SolutionGuid = {06494A11-FB7B-4636-8E4A-B8A67C293A18}
	EndGlobalSection
EndGlobal
